PODS:
  - AFNetworking (2.5.0):
    - AFNetworking/NSURLConnection (= 2.5.0)
    - AFNetworking/NSURLSession (= 2.5.0)
    - AFNetworking/Reachability (= 2.5.0)
    - AFNetworking/Security (= 2.5.0)
    - AFNetworking/Serialization (= 2.5.0)
    - AFNetworking/UIKit (= 2.5.0)
  - AFNetworking/NSURLConnection (2.5.0):
    - AFNetworking/Reachability
    - AFNetworking/Security
    - AFNetworking/Serialization
  - AFNetworking/NSURLSession (2.5.0):
    - AFNetworking/Reachability
    - AFNetworking/Security
    - AFNetworking/Serialization
  - AFNetworking/Reachability (2.5.0)
  - AFNetworking/Security (2.5.0)
  - AFNetworking/Serialization (2.5.0)
  - AFNetworking/UIKit (2.5.0):
    - AFNetworking/NSURLConnection
    - AFNetworking/NSURLSession
  - Expecta (0.2.3)
  - OHHTTPStubs (3.1.0)
  - XNGOAuth1Client (2.0.1):
    - AFNetworking (~> 2.0)

DEPENDENCIES:
  - Expecta (~> 0.2.3)
  - OHHTTPStubs (~> 3.1.0)
  - XNGOAuth1Client (from `../XNGOAuth1Client.podspec`)

EXTERNAL SOURCES:
  XNGOAuth1Client:
    :path: "../XNGOAuth1Client.podspec"

SPEC CHECKSUMS:
  AFNetworking: 96ac9bf3eda33582701cb1fcc5b896aa1e20311e
  Expecta: 1fd7b27eb5306541720fa578f1ea066c3f411d4d
  OHHTTPStubs: b7b9e6a5de5f324b7fafea4a5269ada5e4e156bc
  XNGOAuth1Client: 31e9b13bc313c7045503d06e89901798257a817b

PODFILE CHECKSUM: 237ab5dc90aec2cb4ed595b9ca2de746eedab65d

COCOAPODS: 1.0.0
